<?xml version="1.0" encoding="utf-8"?>
<Project ToolsVersion="4.0" xmlns="http://schemas.microsoft.com/developer/msbuild/2003">
  <ItemGroup>
    <Filter Include="소스 파일">
      <UniqueIdentifier>{4FC737F1-C7A5-4376-A066-2A32D752A2FF}</UniqueIdentifier>
      <Extensions>cpp;c;cc;cxx;c++;cppm;ixx;def;odl;idl;hpj;bat;asm;asmx</Extensions>
    </Filter>
    <Filter Include="리소스 파일">
      <UniqueIdentifier>{67DA6AB6-F800-4c08-8B7A-83BB121AAD01}</UniqueIdentifier>
      <Extensions>rc;ico;cur;bmp;dlg;rc2;rct;bin;rgs;gif;jpg;jpeg;jpe;resx;tiff;tif;png;wav;mfcribbon-ms</Extensions>
    </Filter>
    <Filter Include="소스 파일\Utils">
      <UniqueIdentifier>{ca8242ae-029c-4633-869f-56087e615008}</UniqueIdentifier>
    </Filter>
    <Filter Include="소스 파일\Resource">
      <UniqueIdentifier>{d75e0400-b11c-407b-b27c-8ed774e1d00e}</UniqueIdentifier>
    </Filter>
    <Filter Include="소스 파일\Scene">
      <UniqueIdentifier>{b7376628-a94b-40a2-9151-49605ab0766c}</UniqueIdentifier>
    </Filter>
    <Filter Include="소스 파일\Framework">
      <UniqueIdentifier>{be006b1d-c784-4ac5-882d-a5767efbebb2}</UniqueIdentifier>
    </Filter>
    <Filter Include="소스 파일\GameObj">
      <UniqueIdentifier>{42e6f0f7-0443-48da-943b-00c3af0d795b}</UniqueIdentifier>
    </Filter>
    <Filter Include="소스 파일\UIObj">
      <UniqueIdentifier>{7435b8e0-1463-4aa2-b818-90eb318aaaf7}</UniqueIdentifier>
    </Filter>
  </ItemGroup>
  <ItemGroup>
    <ClCompile Include="sorce\main.cpp">
      <Filter>소스 파일</Filter>
    </ClCompile>
    <ClCompile Include="sorce\Utils\InputManager.cpp">
      <Filter>소스 파일\Utils</Filter>
    </ClCompile>
    <ClCompile Include="sorce\Resource\TextureHolder.cpp">
      <Filter>소스 파일\Resource</Filter>
    </ClCompile>
    <ClCompile Include="sorce\Resource\FontHolder.cpp">
      <Filter>소스 파일\Resource</Filter>
    </ClCompile>
    <ClCompile Include="sorce\Resource\SoundHolder.cpp">
      <Filter>소스 파일\Resource</Filter>
    </ClCompile>
    <ClCompile Include="sorce\Scene\Scene.cpp">
      <Filter>소스 파일\Scene</Filter>
    </ClCompile>
    <ClCompile Include="sorce\Framework\Framework.cpp">
      <Filter>소스 파일\Framework</Filter>
    </ClCompile>
    <ClCompile Include="sorce\Utils\GameVal.cpp">
      <Filter>소스 파일\Utils</Filter>
    </ClCompile>
    <ClCompile Include="sorce\Utils\SceneManager.cpp">
      <Filter>소스 파일\Utils</Filter>
    </ClCompile>
    <ClCompile Include="sorce\Scene\TitleScene.cpp">
      <Filter>소스 파일\Scene</Filter>
    </ClCompile>
  </ItemGroup>
  <ItemGroup>
    <ClInclude Include="sorce\Utils\Singleton.h">
      <Filter>소스 파일\Utils</Filter>
    </ClInclude>
    <ClInclude Include="sorce\Utils\InputManager.h">
      <Filter>소스 파일\Utils</Filter>
    </ClInclude>
    <ClInclude Include="sorce\Resource\TextureHolder.h">
      <Filter>소스 파일\Resource</Filter>
    </ClInclude>
    <ClInclude Include="sorce\Resource\FontHolder.h">
      <Filter>소스 파일\Resource</Filter>
    </ClInclude>
    <ClInclude Include="sorce\Resource\ResorceHolder.h">
      <Filter>소스 파일\Resource</Filter>
    </ClInclude>
    <ClInclude Include="sorce\Resource\SoundHolder.h">
      <Filter>소스 파일\Resource</Filter>
    </ClInclude>
    <ClInclude Include="sorce\Utils\SceneManager.h">
      <Filter>소스 파일\Utils</Filter>
    </ClInclude>
    <ClInclude Include="sorce\Utils\GameVal.h">
      <Filter>소스 파일\Utils</Filter>
    </ClInclude>
    <ClInclude Include="sorce\Scene\Scene.h">
      <Filter>소스 파일\Scene</Filter>
    </ClInclude>
    <ClInclude Include="sorce\Framework\Framework.h">
      <Filter>소스 파일\Framework</Filter>
    </ClInclude>
    <ClInclude Include="sorce\Scene\TitleScene.h">
      <Filter>소스 파일\Scene</Filter>
    </ClInclude>
  </ItemGroup>
</Project>